
Microsoft Visual Studio Solution File, Format Version 12.00
# Visual Studio Version 17
VisualStudioVersion = 17.7.34003.232
MinimumVisualStudioVersion = 10.0.40219.1
Project("{FAE04EC0-301F-11D3-BF4B-00C04F79EFBC}") = "Refernces", "Refernces.csproj", "{C54E4F01-364C-4CD3-BE3B-367D51F4DAD9}"
EndProject
Global
	GlobalSection(SolutionConfigurationPlatforms) = preSolution
		Debug|Any CPU = Debug|Any CPU
		Release|Any CPU = Release|Any CPU
	EndGlobalSection
	GlobalSection(ProjectConfigurationPlatforms) = postSolution
		{C54E4F01-364C-4CD3-BE3B-367D51F4DAD9}.Debug|Any CPU.ActiveCfg = Debug|Any CPU
		{C54E4F01-364C-4CD3-BE3B-367D51F4DAD9}.Debug|Any CPU.Build.0 = Debug|Any CPU
		{C54E4F01-364C-4CD3-BE3B-367D51F4DAD9}.Release|Any CPU.ActiveCfg = Release|Any CPU
		{C54E4F01-364C-4CD3-BE3B-367D51F4DAD9}.Release|Any CPU.Build.0 = Release|Any CPU
	EndGlobalSection
	GlobalSection(SolutionProperties) = preSolution
		HideSolutionNode = FALSE
	EndGlobalSection
	GlobalSection(ExtensibilityGlobals) = postSolution
		SolutionGuid = {DDAF9BE2-ABA7-4733-8A30-C6E5F25B9F30}
	EndGlobalSection
EndGlobal
